
Microsoft Visual Studio Solution File, Format Version 12.00
# Visual Studio Version 17
VisualStudioVersion = 17.6.33723.286
MinimumVisualStudioVersion = 10.0.40219.1
Project("{9A19103F-16F7-4668-BE54-9A1E7A4F7556}") = "WebUntisAPI.Client", "WebUntisAPI.Client\WebUntisAPI.Client.csproj", "{0133F41A-DB46-4498-A0B1-D17DAC363118}"
EndProject
Project("{FAE04EC0-301F-11D3-BF4B-00C04F79EFBC}") = "API.Test", "API.Test\API.Test.csproj", "{BDE9C53B-A56B-45AC-9536-C0D2267B9DB6}"
EndProject
Global
	GlobalSection(SolutionConfigurationPlatforms) = preSolution
		Debug|Any CPU = Debug|Any CPU
		Release|Any CPU = Release|Any CPU
	EndGlobalSection
	GlobalSection(ProjectConfigurationPlatforms) = postSolution
		{0133F41A-DB46-4498-A0B1-D17DAC363118}.Debug|Any CPU.ActiveCfg = Debug|Any CPU
		{0133F41A-DB46-4498-A0B1-D17DAC363118}.Debug|Any CPU.Build.0 = Debug|Any CPU
		{0133F41A-DB46-4498-A0B1-D17DAC363118}.Release|Any CPU.ActiveCfg = Release|Any CPU
		{0133F41A-DB46-4498-A0B1-D17DAC363118}.Release|Any CPU.Build.0 = Release|Any CPU
		{BDE9C53B-A56B-45AC-9536-C0D2267B9DB6}.Debug|Any CPU.ActiveCfg = Debug|Any CPU
		{BDE9C53B-A56B-45AC-9536-C0D2267B9DB6}.Debug|Any CPU.Build.0 = Debug|Any CPU
		{BDE9C53B-A56B-45AC-9536-C0D2267B9DB6}.Release|Any CPU.ActiveCfg = Release|Any CPU
		{BDE9C53B-A56B-45AC-9536-C0D2267B9DB6}.Release|Any CPU.Build.0 = Release|Any CPU
	EndGlobalSection
	GlobalSection(SolutionProperties) = preSolution
		HideSolutionNode = FALSE
	EndGlobalSection
	GlobalSection(ExtensibilityGlobals) = postSolution
		SolutionGuid = {1B354979-C3D1-43FB-AC2F-B4C1A614509C}
	EndGlobalSection
EndGlobal
